PODS:
  - AFNetworking (2.5.4):
    - AFNetworking/NSURLConnection (= 2.5.4)
    - AFNetworking/NSURLSession (= 2.5.4)
    - AFNetworking/Reachability (= 2.5.4)
    - AFNetworking/Security (= 2.5.4)
    - AFNetworking/Serialization (= 2.5.4)
    - AFNetworking/UIKit (= 2.5.4)
  - AFNetworking/NSURLConnection (2.5.4):
    - AFNetworking/Reachability
    - AFNetworking/Security
    - AFNetworking/Serialization
  - AFNetworking/NSURLSession (2.5.4):
    - AFNetworking/Reachability
    - AFNetworking/Security
    - AFNetworking/Serialization
  - AFNetworking/Reachability (2.5.4)
  - AFNetworking/Security (2.5.4)
  - AFNetworking/Serialization (2.5.4)
  - AFNetworking/UIKit (2.5.4):
    - AFNetworking/NSURLConnection
    - AFNetworking/NSURLSession
  - AMap3DMap (4.0.3):
    - AMapFoundation (~> 1.0)
  - AMapFoundation (1.0.0)
  - AMapLocation (2.0.0):
    - AMapFoundation (~> 1.0)
  - AMapNavi (2.0.0):
    - AMap3DMap (~> 4.0)
    - AMapFoundation (~> 1.0)
  - AMapSearch (4.0.0):
    - AMapFoundation (= 1.0.0)
  - Bugly (2.3.1)
  - CYLTabBarController (1.5.6)
  - FDFullscreenPopGesture (1.1)
  - IQKeyboardManager (3.3.7)
  - LCActionSheet (1.2.3)
  - MBProgressHUD (1.0.0)
  - MJRefresh (3.1.10)
  - pop (1.0.9)
  - SDWebImage (3.7.6):
    - SDWebImage/Core (= 3.7.6)
  - SDWebImage/Core (3.7.6)
  - XMLDictionary (1.4)

DEPENDENCIES:
  - AFNetworking (~> 2.5.4)
  - AMapLocation (~> 2.0.0)
  - AMapNavi (~> 2.0.0)
  - AMapSearch (~> 4.0.0)
  - Bugly
  - CYLTabBarController (~> 1.5.6)
  - FDFullscreenPopGesture (= 1.1)
  - IQKeyboardManager (~> 3.3.4)
  - LCActionSheet (~> 1.2.0)
  - MBProgressHUD (~> 1.0.0)
  - MJRefresh (~> 3.1.0)
  - pop (~> 1.0.9)
  - SDWebImage (~> 3.7.5)
  - XMLDictionary (~> 1.4)

SPEC CHECKSUMS:
  AFNetworking: 05edc0ac4c4c8cf57bcf4b84be5b0744b6d8e71e
  AMap3DMap: 8619d67fe7b3bbe45abf74b3434eb9ab20220507
  AMapFoundation: af861f5d299a4f17a1a8b50fd91242933bb352f3
  AMapLocation: 40141a31e7c584e59d590079eb8e565a90ecdf4d
  AMapNavi: d6d94118143ce1d3e3117d8085750fae5af55af4
  AMapSearch: 867e89123c927436713372803156ac9848d9868a
  Bugly: c8ece2fa5bdcb404abdd0e07131e8129f580d893
  CYLTabBarController: 5b7328765e6103e1776ae296b8e009a3da0e4c4b
  FDFullscreenPopGesture: a8a620179e3d9c40e8e00256dcee1c1a27c6d0f0
  IQKeyboardManager: 249c3946acf61345c18b038eb50863fe2793e3a8
  LCActionSheet: 690882cd8b9a6713f1b2881c3bb2c7f11954d034
  MBProgressHUD: 4890f671c94e8a0f3cf959aa731e9de2f036d71a
  MJRefresh: bb72948c985914b0b5cecac573a2c69a8915fb02
  pop: f667631a5108a2e60d9e8797c9b32ddaf2080bce
  SDWebImage: c325cf02c30337336b95beff20a13df489ec0ec9
  XMLDictionary: f9f51601ba76678b594ab485f2b00ec1fed23724

COCOAPODS: 0.39.0
